
Microsoft Visual Studio Solution File, Format Version 12.00
# Visual Studio Version 16
VisualStudioVersion = 16.0.29009.5
MinimumVisualStudioVersion = 10.0.40219.1
Project("{9A19103F-16F7-4668-BE54-9A1E7A4F7556}") = "Section6", "Section6.csproj", "{F4C7E9BE-B18D-4222-8F9B-4FF47218AA12}"
EndProject
Project("{2150E333-8FDC-42A3-9474-1A3956D46DE8}") = "Solution Items", "Solution Items", "{51A57829-992F-47E0-9716-3A2A91D21292}"
EndProject
Project("{FAE04EC0-301F-11D3-BF4B-00C04F79EFBC}") = "Section6_1", "..\Section6_1\Section6_1.csproj", "{045FCB07-DBAE-4F87-B273-167829A29F56}"
EndProject
Global
	GlobalSection(SolutionConfigurationPlatforms) = preSolution
		Debug|Any CPU = Debug|Any CPU
		Release|Any CPU = Release|Any CPU
	EndGlobalSection
	GlobalSection(ProjectConfigurationPlatforms) = postSolution
		{F4C7E9BE-B18D-4222-8F9B-4FF47218AA12}.Debug|Any CPU.ActiveCfg = Debug|Any CPU
		{F4C7E9BE-B18D-4222-8F9B-4FF47218AA12}.Debug|Any CPU.Build.0 = Debug|Any CPU
		{F4C7E9BE-B18D-4222-8F9B-4FF47218AA12}.Release|Any CPU.ActiveCfg = Release|Any CPU
		{F4C7E9BE-B18D-4222-8F9B-4FF47218AA12}.Release|Any CPU.Build.0 = Release|Any CPU
		{045FCB07-DBAE-4F87-B273-167829A29F56}.Debug|Any CPU.ActiveCfg = Debug|Any CPU
		{045FCB07-DBAE-4F87-B273-167829A29F56}.Debug|Any CPU.Build.0 = Debug|Any CPU
		{045FCB07-DBAE-4F87-B273-167829A29F56}.Release|Any CPU.ActiveCfg = Release|Any CPU
		{045FCB07-DBAE-4F87-B273-167829A29F56}.Release|Any CPU.Build.0 = Release|Any CPU
	EndGlobalSection
	GlobalSection(SolutionProperties) = preSolution
		HideSolutionNode = FALSE
	EndGlobalSection
	GlobalSection(ExtensibilityGlobals) = postSolution
		SolutionGuid = {D32504C6-EE39-41E0-9E40-B96FA6CB016A}
	EndGlobalSection
EndGlobal
