
Microsoft Visual Studio Solution File, Format Version 12.00
# Visual Studio Version 16
VisualStudioVersion = 16.0.29009.5
MinimumVisualStudioVersion = 10.0.40219.1
Project("{FAE04EC0-301F-11D3-BF4B-00C04F79EFBC}") = "AutomTestAssersion", "AutomTestAssersion.csproj", "{8DC3A9FB-0490-46F3-BFD1-8FE423D2B170}"
EndProject
Global
	GlobalSection(SolutionConfigurationPlatforms) = preSolution
		Debug|Any CPU = Debug|Any CPU
		Release|Any CPU = Release|Any CPU
	EndGlobalSection
	GlobalSection(ProjectConfigurationPlatforms) = postSolution
		{8DC3A9FB-0490-46F3-BFD1-8FE423D2B170}.Debug|Any CPU.ActiveCfg = Debug|Any CPU
		{8DC3A9FB-0490-46F3-BFD1-8FE423D2B170}.Debug|Any CPU.Build.0 = Debug|Any CPU
		{8DC3A9FB-0490-46F3-BFD1-8FE423D2B170}.Release|Any CPU.ActiveCfg = Release|Any CPU
		{8DC3A9FB-0490-46F3-BFD1-8FE423D2B170}.Release|Any CPU.Build.0 = Release|Any CPU
	EndGlobalSection
	GlobalSection(SolutionProperties) = preSolution
		HideSolutionNode = FALSE
	EndGlobalSection
	GlobalSection(ExtensibilityGlobals) = postSolution
		SolutionGuid = {EE081372-E820-4AC5-B806-F3CBFA0A78B1}
	EndGlobalSection
EndGlobal
