
Microsoft Visual Studio Solution File, Format Version 12.00
# Visual Studio Version 16
VisualStudioVersion = 16.0.29424.173
MinimumVisualStudioVersion = 10.0.40219.1
Project("{FAE04EC0-301F-11D3-BF4B-00C04F79EFBC}") = "Section7_Class", "Section7_Class.csproj", "{4CCDC01B-52D6-4B6C-B3D8-FD65C9EC39D6}"
EndProject
Global
	GlobalSection(SolutionConfigurationPlatforms) = preSolution
		Debug|Any CPU = Debug|Any CPU
		Release|Any CPU = Release|Any CPU
	EndGlobalSection
	GlobalSection(ProjectConfigurationPlatforms) = postSolution
		{4CCDC01B-52D6-4B6C-B3D8-FD65C9EC39D6}.Debug|Any CPU.ActiveCfg = Debug|Any CPU
		{4CCDC01B-52D6-4B6C-B3D8-FD65C9EC39D6}.Debug|Any CPU.Build.0 = Debug|Any CPU
		{4CCDC01B-52D6-4B6C-B3D8-FD65C9EC39D6}.Release|Any CPU.ActiveCfg = Release|Any CPU
		{4CCDC01B-52D6-4B6C-B3D8-FD65C9EC39D6}.Release|Any CPU.Build.0 = Release|Any CPU
	EndGlobalSection
	GlobalSection(SolutionProperties) = preSolution
		HideSolutionNode = FALSE
	EndGlobalSection
	GlobalSection(ExtensibilityGlobals) = postSolution
		SolutionGuid = {6D09BA98-B548-4799-9D1E-99B6700D081A}
	EndGlobalSection
EndGlobal
