
Microsoft Visual Studio Solution File, Format Version 12.00
# Visual Studio Version 16
VisualStudioVersion = 16.0.29424.173
MinimumVisualStudioVersion = 10.0.40219.1
Project("{FAE04EC0-301F-11D3-BF4B-00C04F79EFBC}") = "ConsoleApp1", "ConsoleApp1.csproj", "{DF794EE6-C628-41F0-B831-0436DDB24D43}"
EndProject
Global
	GlobalSection(SolutionConfigurationPlatforms) = preSolution
		Debug|Any CPU = Debug|Any CPU
		Release|Any CPU = Release|Any CPU
	EndGlobalSection
	GlobalSection(ProjectConfigurationPlatforms) = postSolution
		{DF794EE6-C628-41F0-B831-0436DDB24D43}.Debug|Any CPU.ActiveCfg = Debug|Any CPU
		{DF794EE6-C628-41F0-B831-0436DDB24D43}.Debug|Any CPU.Build.0 = Debug|Any CPU
		{DF794EE6-C628-41F0-B831-0436DDB24D43}.Release|Any CPU.ActiveCfg = Release|Any CPU
		{DF794EE6-C628-41F0-B831-0436DDB24D43}.Release|Any CPU.Build.0 = Release|Any CPU
	EndGlobalSection
	GlobalSection(SolutionProperties) = preSolution
		HideSolutionNode = FALSE
	EndGlobalSection
	GlobalSection(ExtensibilityGlobals) = postSolution
		SolutionGuid = {85340660-B87F-4AA5-897A-32E4EE5A9671}
	EndGlobalSection
EndGlobal
